
Microsoft Visual Studio Solution File, Format Version 12.00
# Visual Studio Version 16
VisualStudioVersion = 16.0.33328.57
MinimumVisualStudioVersion = 10.0.40219.1
Project("{FAE04EC0-301F-11D3-BF4B-00C04F79EFBC}") = "Training_Git", "Training_Git.csproj", "{0207D17E-4C8E-456D-AAB2-C59F4256FF21}"
EndProject
Global
	GlobalSection(SolutionConfigurationPlatforms) = preSolution
		Debug|Any CPU = Debug|Any CPU
		Release|Any CPU = Release|Any CPU
	EndGlobalSection
	GlobalSection(ProjectConfigurationPlatforms) = postSolution
		{0207D17E-4C8E-456D-AAB2-C59F4256FF21}.Debug|Any CPU.ActiveCfg = Debug|Any CPU
		{0207D17E-4C8E-456D-AAB2-C59F4256FF21}.Debug|Any CPU.Build.0 = Debug|Any CPU
		{0207D17E-4C8E-456D-AAB2-C59F4256FF21}.Release|Any CPU.ActiveCfg = Release|Any CPU
		{0207D17E-4C8E-456D-AAB2-C59F4256FF21}.Release|Any CPU.Build.0 = Release|Any CPU
	EndGlobalSection
	GlobalSection(SolutionProperties) = preSolution
		HideSolutionNode = FALSE
	EndGlobalSection
	GlobalSection(ExtensibilityGlobals) = postSolution
		SolutionGuid = {A31661AA-54EF-4CBC-B176-B0D883D161C5}
	EndGlobalSection
EndGlobal
